<?xml version="1.0" encoding="utf-8"?>
<Project ToolsVersion="4.0" xmlns="http://schemas.microsoft.com/developer/msbuild/2003">
  <ItemGroup>
    <Filter Include="Source Files">
      <UniqueIdentifier>{4FC737F1-C7A5-4376-A066-2A32D752A2FF}</UniqueIdentifier>
      <Extensions>cpp;c;cc;cxx;c++;cppm;ixx;def;odl;idl;hpj;bat;asm;asmx</Extensions>
    </Filter>
    <Filter Include="Header Files">
      <UniqueIdentifier>{93995380-89BD-4b04-88EB-625FBE52EBFB}</UniqueIdentifier>
      <Extensions>h;hh;hpp;hxx;h++;hm;inl;inc;ipp;xsd</Extensions>
    </Filter>
    <Filter Include="Resource Files">
      <UniqueIdentifier>{67DA6AB6-F800-4c08-8B7A-83BB121AAD01}</UniqueIdentifier>
      <Extensions>rc;ico;cur;bmp;dlg;rc2;rct;bin;rgs;gif;jpg;jpeg;jpe;resx;tiff;tif;png;wav;mfcribbon-ms</Extensions>
    </Filter>
    <Filter Include="Header Files\FineCollisionTests">
      <UniqueIdentifier>{ea058b0b-963f-4a4b-8370-f54a52e58eb8}</UniqueIdentifier>
    </Filter>
    <Filter Include="Header Files\BroadCollisionTests">
      <UniqueIdentifier>{9ecfaf82-1265-405a-b74f-0aa4386ececa}</UniqueIdentifier>
    </Filter>
    <Filter Include="Header Files\CollisionPrimitive">
      <UniqueIdentifier>{9b8a0e37-cf76-4d67-a5bc-fbdc8d37ce7f}</UniqueIdentifier>
    </Filter>
    <Filter Include="Header Files\Distances">
      <UniqueIdentifier>{ec28fcf3-8da2-4ba1-8e61-9e7288b31076}</UniqueIdentifier>
    </Filter>
    <Filter Include="Source Files\Distances">
      <UniqueIdentifier>{d40bc670-cfe9-43bd-a0be-1fe73934f7bb}</UniqueIdentifier>
    </Filter>
    <Filter Include="Header Files\IntersectionTests">
      <UniqueIdentifier>{6437c786-ba09-4279-921a-a70501e8786f}</UniqueIdentifier>
    </Filter>
    <Filter Include="Source Files\IntersectionTests">
      <UniqueIdentifier>{8a5afa4a-02d0-456d-990d-fcb1bc2b6dce}</UniqueIdentifier>
    </Filter>
    <Filter Include="Source Files\CollisionPrimitive">
      <UniqueIdentifier>{673be68f-47db-4154-94e0-24996f2ccd95}</UniqueIdentifier>
    </Filter>
    <Filter Include="Header Files\Query">
      <UniqueIdentifier>{44785205-b66d-40b3-ba91-4321e371e42e}</UniqueIdentifier>
    </Filter>
    <Filter Include="Header Files\Contact">
      <UniqueIdentifier>{fcf1cf21-e54e-4e8b-b83c-28424d268139}</UniqueIdentifier>
    </Filter>
    <Filter Include="Header Files\Intersection">
      <UniqueIdentifier>{a352afb7-9b98-433c-b02f-7a56e8ab01cf}</UniqueIdentifier>
    </Filter>
    <Filter Include="Header Files\Containerment">
      <UniqueIdentifier>{32cb3521-c438-4bfd-915b-ba2deaf0cda8}</UniqueIdentifier>
    </Filter>
    <Filter Include="Header Files\Seperation">
      <UniqueIdentifier>{2d25306d-e00f-4886-8dd3-39cc95b0c980}</UniqueIdentifier>
    </Filter>
    <Filter Include="Header Files\Overlap">
      <UniqueIdentifier>{65403c8d-0537-405b-9d43-0f6786f4fa97}</UniqueIdentifier>
    </Filter>
  </ItemGroup>
  <ItemGroup>
    <ClInclude Include="OdinCollision.h">
      <Filter>Header Files</Filter>
    </ClInclude>
    <ClInclude Include="AABB3.h">
      <Filter>Header Files\CollisionPrimitive</Filter>
    </ClInclude>
    <ClInclude Include="OBB.h">
      <Filter>Header Files\CollisionPrimitive</Filter>
    </ClInclude>
    <ClInclude Include="Poly2.h">
      <Filter>Header Files\CollisionPrimitive</Filter>
    </ClInclude>
    <ClInclude Include="Poly3.h">
      <Filter>Header Files\CollisionPrimitive</Filter>
    </ClInclude>
    <ClInclude Include="Circle.h">
      <Filter>Header Files\CollisionPrimitive</Filter>
    </ClInclude>
    <ClInclude Include="Sphere.h">
      <Filter>Header Files\CollisionPrimitive</Filter>
    </ClInclude>
    <ClInclude Include="SeperatingAxis.h">
      <Filter>Header Files\FineCollisionTests</Filter>
    </ClInclude>
    <ClInclude Include="IntervalTree.h">
      <Filter>Header Files\BroadCollisionTests</Filter>
    </ClInclude>
    <ClInclude Include="AABB2PointDistance.h">
      <Filter>Header Files\Distances</Filter>
    </ClInclude>
    <ClInclude Include="Sphere2PointDistance.h">
      <Filter>Header Files\Distances</Filter>
    </ClInclude>
    <ClInclude Include="AABB2PointIntersection.h">
      <Filter>Header Files\IntersectionTests</Filter>
    </ClInclude>
    <ClInclude Include="Collider.h">
      <Filter>Header Files\CollisionPrimitive</Filter>
    </ClInclude>
    <ClInclude Include="Sphere2PointIntersection.h">
      <Filter>Header Files\IntersectionTests</Filter>
    </ClInclude>
    <ClInclude Include="AABB2.h">
      <Filter>Header Files\CollisionPrimitive</Filter>
    </ClInclude>
    <ClInclude Include="CollisionQuery.h">
      <Filter>Header Files\Query</Filter>
    </ClInclude>
    <ClInclude Include="CollisionResult.h">
      <Filter>Header Files\Query</Filter>
    </ClInclude>
    <ClInclude Include="Seg3.h">
      <Filter>Header Files\CollisionPrimitive</Filter>
    </ClInclude>
  </ItemGroup>
  <ItemGroup>
    <ClCompile Include="AABB2PointDistance.cpp">
      <Filter>Source Files\Distances</Filter>
    </ClCompile>
    <ClCompile Include="Sphere2PointDistance.cpp">
      <Filter>Source Files\Distances</Filter>
    </ClCompile>
    <ClCompile Include="AABB2PointIntersection.cpp">
      <Filter>Source Files\IntersectionTests</Filter>
    </ClCompile>
    <ClCompile Include="Sphere2PointIntersection.cpp">
      <Filter>Source Files\IntersectionTests</Filter>
    </ClCompile>
    <ClCompile Include="AABB2.cpp">
      <Filter>Source Files\CollisionPrimitive</Filter>
    </ClCompile>
    <ClCompile Include="AABB3.cpp">
      <Filter>Source Files\CollisionPrimitive</Filter>
    </ClCompile>
    <ClCompile Include="Circle.cpp">
      <Filter>Source Files\CollisionPrimitive</Filter>
    </ClCompile>
    <ClCompile Include="Sphere.cpp">
      <Filter>Source Files\CollisionPrimitive</Filter>
    </ClCompile>
    <ClCompile Include="Seg3.cpp">
      <Filter>Source Files\CollisionPrimitive</Filter>
    </ClCompile>
  </ItemGroup>
</Project>