<?xml version="1.0" encoding="utf-8"?>
<Project ToolsVersion="4.0" xmlns="http://schemas.microsoft.com/developer/msbuild/2003">
  <ItemGroup>
    <Filter Include="Source Files">
      <UniqueIdentifier>{4FC737F1-C7A5-4376-A066-2A32D752A2FF}</UniqueIdentifier>
      <Extensions>cpp;c;cc;cxx;c++;cppm;ixx;def;odl;idl;hpj;bat;asm;asmx</Extensions>
    </Filter>
    <Filter Include="Header Files">
      <UniqueIdentifier>{93995380-89BD-4b04-88EB-625FBE52EBFB}</UniqueIdentifier>
      <Extensions>h;hh;hpp;hxx;h++;hm;inl;inc;ipp;xsd</Extensions>
    </Filter>
    <Filter Include="Resource Files">
      <UniqueIdentifier>{67DA6AB6-F800-4c08-8B7A-83BB121AAD01}</UniqueIdentifier>
      <Extensions>rc;ico;cur;bmp;dlg;rc2;rct;bin;rgs;gif;jpg;jpeg;jpe;resx;tiff;tif;png;wav;mfcribbon-ms</Extensions>
    </Filter>
    <Filter Include="Header Files\LinearAlgebra">
      <UniqueIdentifier>{67b4efa0-8ed2-4136-aa11-701f0fb39f16}</UniqueIdentifier>
    </Filter>
    <Filter Include="Header Files\Calculus">
      <UniqueIdentifier>{d2839dec-3b76-4f6c-9da5-48f430c8cb30}</UniqueIdentifier>
    </Filter>
    <Filter Include="Source Files\LinearAlgebra">
      <UniqueIdentifier>{e41fa717-0528-4d5e-8f15-362ea1fe1528}</UniqueIdentifier>
    </Filter>
    <Filter Include="Source Files\Calculus">
      <UniqueIdentifier>{a62d24fd-a5d7-465a-a02a-d892d991148f}</UniqueIdentifier>
    </Filter>
    <Filter Include="Header Files\LinearAlgebra\DX">
      <UniqueIdentifier>{9feb5558-d00c-4738-b2d8-8b4d06ad0319}</UniqueIdentifier>
    </Filter>
    <Filter Include="Header Files\LinearAlgebra\OD">
      <UniqueIdentifier>{ca747a72-7304-48f0-83d5-650e5ae22659}</UniqueIdentifier>
    </Filter>
    <Filter Include="Header Files\Iterpolation">
      <UniqueIdentifier>{b8182acf-2f03-4882-bb18-1160468dc4cf}</UniqueIdentifier>
    </Filter>
    <Filter Include="Header Files\Iterpolation\Bspline">
      <UniqueIdentifier>{9d846439-04b9-40ee-bcf9-6cc5872d9a17}</UniqueIdentifier>
    </Filter>
  </ItemGroup>
  <ItemGroup>
    <ClInclude Include="OdinMath.h">
      <Filter>Header Files</Filter>
    </ClInclude>
    <ClInclude Include="LegendrePolynomials.h">
      <Filter>Header Files</Filter>
    </ClInclude>
    <ClInclude Include="MassProperties.h">
      <Filter>Header Files</Filter>
    </ClInclude>
    <ClInclude Include="GaussianQuadratre.h">
      <Filter>Header Files\Calculus</Filter>
    </ClInclude>
    <ClInclude Include="ODE.h">
      <Filter>Header Files\Calculus</Filter>
    </ClInclude>
    <ClInclude Include="RungeKutta.h">
      <Filter>Header Files\Calculus</Filter>
    </ClInclude>
    <ClInclude Include="SingleIntegral.h">
      <Filter>Header Files\Calculus</Filter>
    </ClInclude>
    <ClInclude Include="TrapezoidIntegration.h">
      <Filter>Header Files\Calculus</Filter>
    </ClInclude>
    <ClInclude Include="MathCommon.h">
      <Filter>Header Files</Filter>
    </ClInclude>
    <ClInclude Include="Eigen.h">
      <Filter>Header Files\LinearAlgebra</Filter>
    </ClInclude>
    <ClInclude Include="LUDecomp.h">
      <Filter>Header Files\LinearAlgebra</Filter>
    </ClInclude>
    <ClInclude Include="QRDecomp.h">
      <Filter>Header Files\LinearAlgebra</Filter>
    </ClInclude>
    <ClInclude Include="DXMatrix2.h">
      <Filter>Header Files\LinearAlgebra\DX</Filter>
    </ClInclude>
    <ClInclude Include="DXMatrix3.h">
      <Filter>Header Files\LinearAlgebra\DX</Filter>
    </ClInclude>
    <ClInclude Include="DXMatrix4.h">
      <Filter>Header Files\LinearAlgebra\DX</Filter>
    </ClInclude>
    <ClInclude Include="DXVector2.h">
      <Filter>Header Files\LinearAlgebra\DX</Filter>
    </ClInclude>
    <ClInclude Include="DXVector3.h">
      <Filter>Header Files\LinearAlgebra\DX</Filter>
    </ClInclude>
    <ClInclude Include="DXVector4.h">
      <Filter>Header Files\LinearAlgebra\DX</Filter>
    </ClInclude>
    <ClInclude Include="Matrix.h">
      <Filter>Header Files\LinearAlgebra\OD</Filter>
    </ClInclude>
    <ClInclude Include="OMatrix3.h">
      <Filter>Header Files\LinearAlgebra\OD</Filter>
    </ClInclude>
    <ClInclude Include="OMatrix4.h">
      <Filter>Header Files\LinearAlgebra\OD</Filter>
    </ClInclude>
    <ClInclude Include="OVector3.h">
      <Filter>Header Files\LinearAlgebra\OD</Filter>
    </ClInclude>
    <ClInclude Include="OVector4.h">
      <Filter>Header Files\LinearAlgebra\OD</Filter>
    </ClInclude>
    <ClInclude Include="Vect.h">
      <Filter>Header Files\LinearAlgebra\OD</Filter>
    </ClInclude>
    <ClInclude Include="DXQuat.h">
      <Filter>Header Files\LinearAlgebra\DX</Filter>
    </ClInclude>
    <ClInclude Include="CubicSpline.h">
      <Filter>Header Files\Iterpolation</Filter>
    </ClInclude>
    <ClInclude Include="BSpline.h">
      <Filter>Header Files\Iterpolation\Bspline</Filter>
    </ClInclude>
    <ClInclude Include="BSplineBasis.h">
      <Filter>Header Files\Iterpolation\Bspline</Filter>
    </ClInclude>
    <ClInclude Include="VectorFunctions.h">
      <Filter>Header Files\LinearAlgebra\OD</Filter>
    </ClInclude>
    <ClInclude Include="MatrixFunctions.h">
      <Filter>Header Files\LinearAlgebra</Filter>
    </ClInclude>
    <ClInclude Include="OQuat.h">
      <Filter>Header Files\LinearAlgebra\OD</Filter>
    </ClInclude>
    <ClInclude Include="VectorIntrin.h">
      <Filter>Header Files\LinearAlgebra\OD</Filter>
    </ClInclude>
    <ClInclude Include="MatrixIntrin.h">
      <Filter>Header Files\LinearAlgebra\OD</Filter>
    </ClInclude>
    <ClInclude Include="QuatIntrin.h">
      <Filter>Header Files\LinearAlgebra\OD</Filter>
    </ClInclude>
  </ItemGroup>
  <ItemGroup>
    <ClCompile Include="DXMatrix4.cpp">
      <Filter>Source Files\LinearAlgebra</Filter>
    </ClCompile>
    <ClCompile Include="DXVector4.cpp">
      <Filter>Source Files\LinearAlgebra</Filter>
    </ClCompile>
    <ClCompile Include="Eigen.cpp">
      <Filter>Source Files\LinearAlgebra</Filter>
    </ClCompile>
    <ClCompile Include="LUDecomp.cpp">
      <Filter>Source Files\LinearAlgebra</Filter>
    </ClCompile>
    <ClCompile Include="QRDecomp.cpp">
      <Filter>Source Files\LinearAlgebra</Filter>
    </ClCompile>
    <ClCompile Include="DXQuat.cpp">
      <Filter>Source Files</Filter>
    </ClCompile>
    <ClCompile Include="BSpline.cpp">
      <Filter>Source Files</Filter>
    </ClCompile>
    <ClCompile Include="DXMatrix3.cpp">
      <Filter>Source Files\LinearAlgebra</Filter>
    </ClCompile>
    <ClCompile Include="DXVector3.cpp">
      <Filter>Source Files\LinearAlgebra</Filter>
    </ClCompile>
    <ClCompile Include="MatrixIntrin.cpp">
      <Filter>Source Files\LinearAlgebra</Filter>
    </ClCompile>
    <ClCompile Include="QuatIntrin.cpp">
      <Filter>Source Files\LinearAlgebra</Filter>
    </ClCompile>
  </ItemGroup>
  <ItemGroup>
    <None Include="MassProperties.inl">
      <Filter>Source Files</Filter>
    </None>
    <None Include="Matrix.inl">
      <Filter>Source Files\LinearAlgebra</Filter>
    </None>
    <None Include="RungeKutta.inl">
      <Filter>Source Files\Calculus</Filter>
    </None>
    <None Include="TrapezoidIntegration.inl">
      <Filter>Source Files\Calculus</Filter>
    </None>
    <None Include="OMatrix4.inl">
      <Filter>Source Files\LinearAlgebra</Filter>
    </None>
    <None Include="OMatrix3.inl">
      <Filter>Source Files\LinearAlgebra</Filter>
    </None>
    <None Include="OQuat.inl">
      <Filter>Source Files\LinearAlgebra</Filter>
    </None>
  </ItemGroup>
</Project>